
Microsoft Visual Studio Solution File, Format Version 12.00
# Visual Studio Version 16
VisualStudioVersion = 25.0.1700.0
MinimumVisualStudioVersion = 10.0.40219.1
Project("{FAE04EC0-301F-11D3-BF4B-00C04F79EFBC}") = "roblox", "roblox.csproj", "{4273E1F4-37F4-44F7-B714-1808694F3239}"
EndProject
Global
	GlobalSection(SolutionConfigurationPlatforms) = preSolution
		Debug|Any CPU = Debug|Any CPU
		Release|Any CPU = Release|Any CPU
	EndGlobalSection
	GlobalSection(ProjectConfigurationPlatforms) = postSolution
		{4273E1F4-37F4-44F7-B714-1808694F3239}.Debug|Any CPU.ActiveCfg = Debug|Any CPU
		{4273E1F4-37F4-44F7-B714-1808694F3239}.Debug|Any CPU.Build.0 = Debug|Any CPU
		{4273E1F4-37F4-44F7-B714-1808694F3239}.Release|Any CPU.ActiveCfg = Release|Any CPU
		{4273E1F4-37F4-44F7-B714-1808694F3239}.Release|Any CPU.Build.0 = Release|Any CPU
	EndGlobalSection
	GlobalSection(SolutionProperties) = preSolution
		HideSolutionNode = FALSE
	EndGlobalSection
	GlobalSection(ExtensibilityGlobals) = postSolution
		SolutionGuid = {AD627E86-2D79-4C77-BA19-90D02EED79E2}
	EndGlobalSection
EndGlobal
